// !$*UTF8*$!
{
	archiveVersion = 1;
	classes = {
	};
	objectVersion = 46;
	objects = {

/* Begin PBXBuildFile section */
		9B07696E1ACEDA3D00611B0F /* AppDelegate.swift in Sources */ = {isa = PBXBuildFile; fileRef = 9B07696D1ACEDA3D00611B0F /* AppDelegate.swift */; };
		9B0769701ACEDA3D00611B0F /* ViewController.swift in Sources */ = {isa = PBXBuildFile; fileRef = 9B07696F1ACEDA3D00611B0F /* ViewController.swift */; };
		9B0769731ACEDA3D00611B0F /* Main.storyboard in Resources */ = {isa = PBXBuildFile; fileRef = 9B0769711ACEDA3D00611B0F /* Main.storyboard */; };
		9B0769751ACEDA3D00611B0F /* Images.xcassets in Resources */ = {isa = PBXBuildFile; fileRef = 9B0769741ACEDA3D00611B0F /* Images.xcassets */; };
		9B0769781ACEDA3D00611B0F /* LaunchScreen.xib in Resources */ = {isa = PBXBuildFile; fileRef = 9B0769761ACEDA3D00611B0F /* LaunchScreen.xib */; };
		9B0769841ACEDA3D00611B0F /* TextStylingTests.swift in Sources */ = {isa = PBXBuildFile; fileRef = 9B0769831ACEDA3D00611B0F /* TextStylingTests.swift */; };
		9B2B65851AED7A7C00359DD1 /* Moby Dick.xml in Resources */ = {isa = PBXBuildFile; fileRef = 9B2B65841AED7A7C00359DD1 /* Moby Dick.xml */; };
		9B2B658A1AED7AC600359DD1 /* TextStyling+UIKit.swift in Sources */ = {isa = PBXBuildFile; fileRef = 9B2B65871AED7AC600359DD1 /* TextStyling+UIKit.swift */; };
		9B2B658B1AED7AC600359DD1 /* TextStyling.swift in Sources */ = {isa = PBXBuildFile; fileRef = 9B2B65881AED7AC600359DD1 /* TextStyling.swift */; };
		9B2B658C1AED7AC600359DD1 /* TextStylingParser.swift in Sources */ = {isa = PBXBuildFile; fileRef = 9B2B65891AED7AC600359DD1 /* TextStylingParser.swift */; };
/* End PBXBuildFile section */

/* Begin PBXContainerItemProxy section */
		9B07697E1ACEDA3D00611B0F /* PBXContainerItemProxy */ = {
			isa = PBXContainerItemProxy;
			containerPortal = 9B0769601ACEDA3D00611B0F /* Project object */;
			proxyType = 1;
			remoteGlobalIDString = 9B0769671ACEDA3D00611B0F;
			remoteInfo = TextStyling;
		};
/* End PBXContainerItemProxy section */

/* Begin PBXCopyFilesBuildPhase section */
		9B07699B1ACF09DD00611B0F /* CopyFiles */ = {
			isa = PBXCopyFilesBuildPhase;
			buildActionMask = 2147483647;
			dstPath = "";
			dstSubfolderSpec = 10;
			files = (
			);
			runOnlyForDeploymentPostprocessing = 0;
		};
/* End PBXCopyFilesBuildPhase section */

/* Begin PBXFileReference section */
		9B0769681ACEDA3D00611B0F /* TextStyling.app */ = {isa = PBXFileReference; explicitFileType = wrapper.application; includeInIndex = 0; path = TextStyling.app; sourceTree = BUILT_PRODUCTS_DIR; };
		9B07696C1ACEDA3D00611B0F /* Info.plist */ = {isa = PBXFileReference; lastKnownFileType = text.plist.xml; path = Info.plist; sourceTree = "<group>"; };
		9B07696D1ACEDA3D00611B0F /* AppDelegate.swift */ = {isa = PBXFileReference; lastKnownFileType = sourcecode.swift; path = AppDelegate.swift; sourceTree = "<group>"; };
		9B07696F1ACEDA3D00611B0F /* ViewController.swift */ = {isa = PBXFileReference; lastKnownFileType = sourcecode.swift; path = ViewController.swift; sourceTree = "<group>"; };
		9B0769721ACEDA3D00611B0F /* Base */ = {isa = PBXFileReference; lastKnownFileType = file.storyboard; name = Base; path = Base.lproj/Main.storyboard; sourceTree = "<group>"; };
		9B0769741ACEDA3D00611B0F /* Images.xcassets */ = {isa = PBXFileReference; lastKnownFileType = folder.assetcatalog; path = Images.xcassets; sourceTree = "<group>"; };
		9B0769771ACEDA3D00611B0F /* Base */ = {isa = PBXFileReference; lastKnownFileType = file.xib; name = Base; path = Base.lproj/LaunchScreen.xib; sourceTree = "<group>"; };
		9B07697D1ACEDA3D00611B0F /* TextStylingTests.xctest */ = {isa = PBXFileReference; explicitFileType = wrapper.cfbundle; includeInIndex = 0; path = TextStylingTests.xctest; sourceTree = BUILT_PRODUCTS_DIR; };
		9B0769821ACEDA3D00611B0F /* Info.plist */ = {isa = PBXFileReference; lastKnownFileType = text.plist.xml; path = Info.plist; sourceTree = "<group>"; };
		9B0769831ACEDA3D00611B0F /* TextStylingTests.swift */ = {isa = PBXFileReference; lastKnownFileType = sourcecode.swift; path = TextStylingTests.swift; sourceTree = "<group>"; };
		9B2B65841AED7A7C00359DD1 /* Moby Dick.xml */ = {isa = PBXFileReference; fileEncoding = 4; lastKnownFileType = text.xml; path = "Moby Dick.xml"; sourceTree = "<group>"; };
		9B2B65871AED7AC600359DD1 /* TextStyling+UIKit.swift */ = {isa = PBXFileReference; fileEncoding = 4; lastKnownFileType = sourcecode.swift; path = "TextStyling+UIKit.swift"; sourceTree = "<group>"; };
		9B2B65881AED7AC600359DD1 /* TextStyling.swift */ = {isa = PBXFileReference; fileEncoding = 4; lastKnownFileType = sourcecode.swift; path = TextStyling.swift; sourceTree = "<group>"; };
		9B2B65891AED7AC600359DD1 /* TextStylingParser.swift */ = {isa = PBXFileReference; fileEncoding = 4; lastKnownFileType = sourcecode.swift; path = TextStylingParser.swift; sourceTree = "<group>"; };
/* End PBXFileReference section */

/* Begin PBXFrameworksBuildPhase section */
		9B0769651ACEDA3D00611B0F /* Frameworks */ = {
			isa = PBXFrameworksBuildPhase;
			buildActionMask = 2147483647;
			files = (
			);
			runOnlyForDeploymentPostprocessing = 0;
		};
		9B07697A1ACEDA3D00611B0F /* Frameworks */ = {
			isa = PBXFrameworksBuildPhase;
			buildActionMask = 2147483647;
			files = (
			);
			runOnlyForDeploymentPostprocessing = 0;
		};
/* End PBXFrameworksBuildPhase section */

/* Begin PBXGroup section */
		9B07695F1ACEDA3D00611B0F = {
			isa = PBXGroup;
			children = (
				9B2B65861AED7AC600359DD1 /* TextStyling */,
				9B07696A1ACEDA3D00611B0F /* TextStyling */,
				9B0769801ACEDA3D00611B0F /* TextStylingTests */,
				9B0769691ACEDA3D00611B0F /* Products */,
			);
			sourceTree = "<group>";
		};
		9B0769691ACEDA3D00611B0F /* Products */ = {
			isa = PBXGroup;
			children = (
				9B0769681ACEDA3D00611B0F /* TextStyling.app */,
				9B07697D1ACEDA3D00611B0F /* TextStylingTests.xctest */,
			);
			name = Products;
			sourceTree = "<group>";
		};
		9B07696A1ACEDA3D00611B0F /* TextStyling */ = {
			isa = PBXGroup;
			children = (
				9B07696D1ACEDA3D00611B0F /* AppDelegate.swift */,
				9B07696F1ACEDA3D00611B0F /* ViewController.swift */,
				9B0769711ACEDA3D00611B0F /* Main.storyboard */,
				9B0769741ACEDA3D00611B0F /* Images.xcassets */,
				9B0769761ACEDA3D00611B0F /* LaunchScreen.xib */,
				9B07696B1ACEDA3D00611B0F /* Supporting Files */,
				9B2B65841AED7A7C00359DD1 /* Moby Dick.xml */,
			);
			path = TextStyling;
			sourceTree = "<group>";
		};
		9B07696B1ACEDA3D00611B0F /* Supporting Files */ = {
			isa = PBXGroup;
			children = (
				9B07696C1ACEDA3D00611B0F /* Info.plist */,
			);
			name = "Supporting Files";
			sourceTree = "<group>";
		};
		9B0769801ACEDA3D00611B0F /* TextStylingTests */ = {
			isa = PBXGroup;
			children = (
				9B0769831ACEDA3D00611B0F /* TextStylingTests.swift */,
				9B0769811ACEDA3D00611B0F /* Supporting Files */,
			);
			path = TextStylingTests;
			sourceTree = "<group>";
		};
		9B0769811ACEDA3D00611B0F /* Supporting Files */ = {
			isa = PBXGroup;
			children = (
				9B0769821ACEDA3D00611B0F /* Info.plist */,
			);
			name = "Supporting Files";
			sourceTree = "<group>";
		};
		9B2B65861AED7AC600359DD1 /* TextStyling */ = {
			isa = PBXGroup;
			children = (
				9B2B65871AED7AC600359DD1 /* TextStyling+UIKit.swift */,
				9B2B65881AED7AC600359DD1 /* TextStyling.swift */,
				9B2B65891AED7AC600359DD1 /* TextStylingParser.swift */,
			);
			name = TextStyling;
			path = ../TextStyling;
			sourceTree = "<group>";
		};
/* End PBXGroup section */

/* Begin PBXNativeTarget section */
		9B0769671ACEDA3D00611B0F /* TextStyling */ = {
			isa = PBXNativeTarget;
			buildConfigurationList = 9B0769871ACEDA3D00611B0F /* Build configuration list for PBXNativeTarget "TextStyling" */;
			buildPhases = (
				9B0769641ACEDA3D00611B0F /* Sources */,
				9B0769651ACEDA3D00611B0F /* Frameworks */,
				9B0769661ACEDA3D00611B0F /* Resources */,
				9B07699B1ACF09DD00611B0F /* CopyFiles */,
			);
			buildRules = (
			);
			dependencies = (
			);
			name = TextStyling;
			productName = TextStyling;
			productReference = 9B0769681ACEDA3D00611B0F /* TextStyling.app */;
			productType = "com.apple.product-type.application";
		};
		9B07697C1ACEDA3D00611B0F /* TextStylingTests */ = {
			isa = PBXNativeTarget;
			buildConfigurationList = 9B07698A1ACEDA3D00611B0F /* Build configuration list for PBXNativeTarget "TextStylingTests" */;
			buildPhases = (
				9B0769791ACEDA3D00611B0F /* Sources */,
				9B07697A1ACEDA3D00611B0F /* Frameworks */,
				9B07697B1ACEDA3D00611B0F /* Resources */,
			);
			buildRules = (
			);
			dependencies = (
				9B07697F1ACEDA3D00611B0F /* PBXTargetDependency */,
			);
			name = TextStylingTests;
			productName = TextStylingTests;
			productReference = 9B07697D1ACEDA3D00611B0F /* TextStylingTests.xctest */;
			productType = "com.apple.product-type.bundle.unit-test";
		};
/* End PBXNativeTarget section */

/* Begin PBXProject section */
		9B0769601ACEDA3D00611B0F /* Project object */ = {
			isa = PBXProject;
			attributes = {
				LastUpgradeCheck = 0630;
				ORGANIZATIONNAME = Touchpress;
				TargetAttributes = {
					9B0769671ACEDA3D00611B0F = {
						CreatedOnToolsVersion = 6.3;
					};
					9B07697C1ACEDA3D00611B0F = {
						CreatedOnToolsVersion = 6.3;
						TestTargetID = 9B0769671ACEDA3D00611B0F;
					};
				};
			};
			buildConfigurationList = 9B0769631ACEDA3D00611B0F /* Build configuration list for PBXProject "TextStyling" */;
			compatibilityVersion = "Xcode 3.2";
			developmentRegion = English;
			hasScannedForEncodings = 0;
			knownRegions = (
				en,
				Base,
			);
			mainGroup = 9B07695F1ACEDA3D00611B0F;
			productRefGroup = 9B0769691ACEDA3D00611B0F /* Products */;
			projectDirPath = "";
			projectRoot = "";
			targets = (
				9B0769671ACEDA3D00611B0F /* TextStyling */,
				9B07697C1ACEDA3D00611B0F /* TextStylingTests */,
			);
		};
/* End PBXProject section */

/* Begin PBXResourcesBuildPhase section */
		9B0769661ACEDA3D00611B0F /* Resources */ = {
			isa = PBXResourcesBuildPhase;
			buildActionMask = 2147483647;
			files = (
				9B0769731ACEDA3D00611B0F /* Main.storyboard in Resources */,
				9B2B65851AED7A7C00359DD1 /* Moby Dick.xml in Resources */,
				9B0769781ACEDA3D00611B0F /* LaunchScreen.xib in Resources */,
				9B0769751ACEDA3D00611B0F /* Images.xcassets in Resources */,
			);
			runOnlyForDeploymentPostprocessing = 0;
		};
		9B07697B1ACEDA3D00611B0F /* Resources */ = {
			isa = PBXResourcesBuildPhase;
			buildActionMask = 2147483647;
			files = (
			);
			runOnlyForDeploymentPostprocessing = 0;
		};
/* End PBXResourcesBuildPhase section */

/* Begin PBXSourcesBuildPhase section */
		9B0769641ACEDA3D00611B0F /* Sources */ = {
			isa = PBXSourcesBuildPhase;
			buildActionMask = 2147483647;
			files = (
				9B2B658A1AED7AC600359DD1 /* TextStyling+UIKit.swift in Sources */,
				9B2B658C1AED7AC600359DD1 /* TextStylingParser.swift in Sources */,
				9B0769701ACEDA3D00611B0F /* ViewController.swift in Sources */,
				9B07696E1ACEDA3D00611B0F /* AppDelegate.swift in Sources */,
				9B2B658B1AED7AC600359DD1 /* TextStyling.swift in Sources */,
			);
			runOnlyForDeploymentPostprocessing = 0;
		};
		9B0769791ACEDA3D00611B0F /* Sources */ = {
			isa = PBXSourcesBuildPhase;
			buildActionMask = 2147483647;
			files = (
				9B0769841ACEDA3D00611B0F /* TextStylingTests.swift in Sources */,
			);
			runOnlyForDeploymentPostprocessing = 0;
		};
/* End PBXSourcesBuildPhase section */

/* Begin PBXTargetDependency section */
		9B07697F1ACEDA3D00611B0F /* PBXTargetDependency */ = {
			isa = PBXTargetDependency;
			target = 9B0769671ACEDA3D00611B0F /* TextStyling */;
			targetProxy = 9B07697E1ACEDA3D00611B0F /* PBXContainerItemProxy */;
		};
/* End PBXTargetDependency section */

/* Begin PBXVariantGroup section */
		9B0769711ACEDA3D00611B0F /* Main.storyboard */ = {
			isa = PBXVariantGroup;
			children = (
				9B0769721ACEDA3D00611B0F /* Base */,
			);
			name = Main.storyboard;
			sourceTree = "<group>";
		};
		9B0769761ACEDA3D00611B0F /* LaunchScreen.xib */ = {
			isa = PBXVariantGroup;
			children = (
				9B0769771ACEDA3D00611B0F /* Base */,
			);
			name = LaunchScreen.xib;
			sourceTree = "<group>";
		};
/* End PBXVariantGroup section */

/* Begin XCBuildConfiguration section */
		9B0769851ACEDA3D00611B0F /* Debug */ = {
			isa = XCBuildConfiguration;
			buildSettings = {
				ALWAYS_SEARCH_USER_PATHS = NO;
				CLANG_CXX_LANGUAGE_STANDARD = "gnu++0x";
				CLANG_CXX_LIBRARY = "libc++";
				CLANG_ENABLE_MODULES = YES;
				CLANG_ENABLE_OBJC_ARC = YES;
				CLANG_WARN_BOOL_CONVERSION = YES;
				CLANG_WARN_CONSTANT_CONVERSION = YES;
				CLANG_WARN_DIRECT_OBJC_ISA_USAGE = YES_ERROR;
				CLANG_WARN_EMPTY_BODY = YES;
				CLANG_WARN_ENUM_CONVERSION = YES;
				CLANG_WARN_INT_CONVERSION = YES;
				CLANG_WARN_OBJC_ROOT_CLASS = YES_ERROR;
				CLANG_WARN_UNREACHABLE_CODE = YES;
				CLANG_WARN__DUPLICATE_METHOD_MATCH = YES;
				"CODE_SIGN_IDENTITY[sdk=iphoneos*]" = "iPhone Developer";
				COPY_PHASE_STRIP = NO;
				DEBUG_INFORMATION_FORMAT = "dwarf-with-dsym";
				ENABLE_STRICT_OBJC_MSGSEND = YES;
				GCC_C_LANGUAGE_STANDARD = gnu99;
				GCC_DYNAMIC_NO_PIC = NO;
				GCC_NO_COMMON_BLOCKS = YES;
				GCC_OPTIMIZATION_LEVEL = 0;
				GCC_PREPROCESSOR_DEFINITIONS = (
					"DEBUG=1",
					"$(inherited)",
				);
				GCC_SYMBOLS_PRIVATE_EXTERN = NO;
				GCC_WARN_64_TO_32_BIT_CONVERSION = YES;
				GCC_WARN_ABOUT_RETURN_TYPE = YES_ERROR;
				GCC_WARN_UNDECLARED_SELECTOR = YES;
				GCC_WARN_UNINITIALIZED_AUTOS = YES_AGGRESSIVE;
				GCC_WARN_UNUSED_FUNCTION = YES;
				GCC_WARN_UNUSED_VARIABLE = YES;
				IPHONEOS_DEPLOYMENT_TARGET = 8.3;
				MTL_ENABLE_DEBUG_INFO = YES;
				ONLY_ACTIVE_ARCH = YES;
				SDKROOT = iphoneos;
				SWIFT_OPTIMIZATION_LEVEL = "-Onone";
				TARGETED_DEVICE_FAMILY = "1,2";
			};
			name = Debug;
		};
		9B0769861ACEDA3D00611B0F /* Release */ = {
			isa = XCBuildConfiguration;
			buildSettings = {
				ALWAYS_SEARCH_USER_PATHS = NO;
				CLANG_CXX_LANGUAGE_STANDARD = "gnu++0x";
				CLANG_CXX_LIBRARY = "libc++";
				CLANG_ENABLE_MODULES = YES;
				CLANG_ENABLE_OBJC_ARC = YES;
				CLANG_WARN_BOOL_CONVERSION = YES;
				CLANG_WARN_CONSTANT_CONVERSION = YES;
				CLANG_WARN_DIRECT_OBJC_ISA_USAGE = YES_ERROR;
				CLANG_WARN_EMPTY_BODY = YES;
				CLANG_WARN_ENUM_CONVERSION = YES;
				CLANG_WARN_INT_CONVERSION = YES;
				CLANG_WARN_OBJC_ROOT_CLASS = YES_ERROR;
				CLANG_WARN_UNREACHABLE_CODE = YES;
				CLANG_WARN__DUPLICATE_METHOD_MATCH = YES;
				"CODE_SIGN_IDENTITY[sdk=iphoneos*]" = "iPhone Developer";
				COPY_PHASE_STRIP = NO;
				DEBUG_INFORMATION_FORMAT = "dwarf-with-dsym";
				ENABLE_NS_ASSERTIONS = NO;
				ENABLE_STRICT_OBJC_MSGSEND = YES;
				GCC_C_LANGUAGE_STANDARD = gnu99;
				GCC_NO_COMMON_BLOCKS = YES;
				GCC_WARN_64_TO_32_BIT_CONVERSION = YES;
				GCC_WARN_ABOUT_RETURN_TYPE = YES_ERROR;
				GCC_WARN_UNDECLARED_SELECTOR = YES;
				GCC_WARN_UNINITIALIZED_AUTOS = YES_AGGRESSIVE;
				GCC_WARN_UNUSED_FUNCTION = YES;
				GCC_WARN_UNUSED_VARIABLE = YES;
				IPHONEOS_DEPLOYMENT_TARGET = 8.3;
				MTL_ENABLE_DEBUG_INFO = NO;
				SDKROOT = iphoneos;
				TARGETED_DEVICE_FAMILY = "1,2";
				VALIDATE_PRODUCT = YES;
			};
			name = Release;
		};
		9B0769881ACEDA3D00611B0F /* Debug */ = {
			isa = XCBuildConfiguration;
			buildSettings = {
				ASSETCATALOG_COMPILER_APPICON_NAME = AppIcon;
				INFOPLIST_FILE = TextStyling/Info.plist;
				IPHONEOS_DEPLOYMENT_TARGET = 8.2;
				LD_RUNPATH_SEARCH_PATHS = "$(inherited) @executable_path/Frameworks";
				PRODUCT_NAME = "$(TARGET_NAME)";
				SWIFT_OPTIMIZATION_LEVEL = "-Onone";
			};
			name = Debug;
		};
		9B0769891ACEDA3D00611B0F /* Release */ = {
			isa = XCBuildConfiguration;
			buildSettings = {
				ASSETCATALOG_COMPILER_APPICON_NAME = AppIcon;
				INFOPLIST_FILE = TextStyling/Info.plist;
				IPHONEOS_DEPLOYMENT_TARGET = 8.2;
				LD_RUNPATH_SEARCH_PATHS = "$(inherited) @executable_path/Frameworks";
				PRODUCT_NAME = "$(TARGET_NAME)";
				SWIFT_OPTIMIZATION_LEVEL = "-Onone";
			};
			name = Release;
		};
		9B07698B1ACEDA3D00611B0F /* Debug */ = {
			isa = XCBuildConfiguration;
			buildSettings = {
				BUNDLE_LOADER = "$(TEST_HOST)";
				FRAMEWORK_SEARCH_PATHS = (
					"$(SDKROOT)/Developer/Library/Frameworks",
					"$(inherited)",
				);
				GCC_PREPROCESSOR_DEFINITIONS = (
					"DEBUG=1",
					"$(inherited)",
				);
				INFOPLIST_FILE = TextStylingTests/Info.plist;
				LD_RUNPATH_SEARCH_PATHS = "$(inherited) @executable_path/Frameworks @loader_path/Frameworks";
				PRODUCT_NAME = "$(TARGET_NAME)";
				TEST_HOST = "$(BUILT_PRODUCTS_DIR)/TextStyling.app/TextStyling";
			};
			name = Debug;
		};
		9B07698C1ACEDA3D00611B0F /* Release */ = {
			isa = XCBuildConfiguration;
			buildSettings = {
				BUNDLE_LOADER = "$(TEST_HOST)";
				FRAMEWORK_SEARCH_PATHS = (
					"$(SDKROOT)/Developer/Library/Frameworks",
					"$(inherited)",
				);
				INFOPLIST_FILE = TextStylingTests/Info.plist;
				LD_RUNPATH_SEARCH_PATHS = "$(inherited) @executable_path/Frameworks @loader_path/Frameworks";
				PRODUCT_NAME = "$(TARGET_NAME)";
				TEST_HOST = "$(BUILT_PRODUCTS_DIR)/TextStyling.app/TextStyling";
			};
			name = Release;
		};
/* End XCBuildConfiguration section */

/* Begin XCConfigurationList section */
		9B0769631ACEDA3D00611B0F /* Build configuration list for PBXProject "TextStyling" */ = {
			isa = XCConfigurationList;
			buildConfigurations = (
				9B0769851ACEDA3D00611B0F /* Debug */,
				9B0769861ACEDA3D00611B0F /* Release */,
			);
			defaultConfigurationIsVisible = 0;
			defaultConfigurationName = Release;
		};
		9B0769871ACEDA3D00611B0F /* Build configuration list for PBXNativeTarget "TextStyling" */ = {
			isa = XCConfigurationList;
			buildConfigurations = (
				9B0769881ACEDA3D00611B0F /* Debug */,
				9B0769891ACEDA3D00611B0F /* Release */,
			);
			defaultConfigurationIsVisible = 0;
			defaultConfigurationName = Release;
		};
		9B07698A1ACEDA3D00611B0F /* Build configuration list for PBXNativeTarget "TextStylingTests" */ = {
			isa = XCConfigurationList;
			buildConfigurations = (
				9B07698B1ACEDA3D00611B0F /* Debug */,
				9B07698C1ACEDA3D00611B0F /* Release */,
			);
			defaultConfigurationIsVisible = 0;
			defaultConfigurationName = Release;
		};
/* End XCConfigurationList section */
	};
	rootObject = 9B0769601ACEDA3D00611B0F /* Project object */;
}
